{
  "version": 4,
  "terraform_version": "1.1.9",
  "serial": 1,
  "lineage": "036553b7-5537-29b2-3cf4-b44c823f5cfa",
  "outputs": {
    "all_buildhosts": {
      "value": {
        "dns": {
          "autostart": true,
          "cores": "1",
          "datastore": "local-lvm",
          "description": "BIND DNS LXC container",
          "disk_size": "5G",
          "domain": "family.net",
          "gateway": "192.168.10.1",
          "hostname": "dns",
          "ipv4": "192.168.10.53",
          "lxc_templatte_id": "8888",
          "macaddr": "2a:31:71:7a:ed:53",
          "memory": "1024",
          "sockets": "1",
          "target_node": "pve",
          "vmid": "153"
        }
      },
      "type": [
        "object",
        {
          "dns": [
            "object",
            {
              "autostart": "bool",
              "cores": "string",
              "datastore": "string",
              "description": "string",
              "disk_size": "string",
              "domain": "string",
              "gateway": "string",
              "hostname": "string",
              "ipv4": "string",
              "lxc_templatte_id": "string",
              "macaddr": "string",
              "memory": "string",
              "sockets": "string",
              "target_node": "string",
              "vmid": "string"
            }
          ]
        }
      ]
    }
  },
  "resources": [
    {
      "mode": "managed",
      "type": "proxmox_lxc",
      "name": "dns",
      "provider": "provider[\"registry.terraform.io/telmate/proxmox\"]",
      "instances": [
        {
          "index_key": "dns",
          "schema_version": 0,
          "attributes": {
            "arch": "amd64",
            "bwlimit": 0,
            "clone": "8888",
            "clone_storage": null,
            "cmode": "tty",
            "console": true,
            "cores": 1,
            "cpulimit": 0,
            "cpuunits": 1024,
            "description": "BIND DNS LXC container\n",
            "features": [],
            "force": false,
            "full": null,
            "hagroup": "",
            "hastate": "",
            "hookscript": "",
            "hostname": "dns",
            "id": "pve/lxc/153",
            "ignore_unpack_errors": false,
            "lock": "",
            "memory": 1024,
            "mountpoint": [],
            "nameserver": "",
            "network": [
              {
                "bridge": "vmbr0",
                "firewall": false,
                "gw": "192.168.10.1",
                "gw6": "",
                "hwaddr": "2a:31:71:7a:ed:53",
                "ip": "192.168.10.53/24",
                "ip6": "",
                "mtu": 0,
                "name": "eth0",
                "rate": 0,
                "tag": 0,
                "trunks": "",
                "type": "veth"
              }
            ],
            "onboot": true,
            "ostemplate": null,
            "ostype": "centos",
            "password": "rootP0ss",
            "pool": null,
            "protection": false,
            "restore": false,
            "rootfs": [
              {
                "acl": false,
                "quota": false,
                "replicate": false,
                "ro": false,
                "shared": false,
                "size": "8G",
                "storage": "local-lvm",
                "volume": "local-lvm:vm-153-disk-0"
              }
            ],
            "searchdomain": "",
            "ssh_public_keys": null,
            "start": true,
            "startup": "",
            "swap": 0,
            "tags": "",
            "target_node": "pve",
            "template": false,
            "timeouts": null,
            "tty": 2,
            "unique": false,
            "unprivileged": true,
            "unused": [],
            "vmid": 153
          },
          "sensitive_attributes": [
            [
              {
                "type": "get_attr",
                "value": "password"
              }
            ]
          ],
          "private": "eyJlMmJmYjczMC1lY2FhLTExZTYtOGY4OC0zNDM2M2JjN2M0YzAiOnsiY3JlYXRlIjozMDAwMDAwMDAwMDAsImRlZmF1bHQiOjMwMDAwMDAwMDAwMCwiZGVsZXRlIjoxODAwMDAwMDAwMDAsInJlYWQiOjE4MDAwMDAwMDAwMCwidXBkYXRlIjoxODAwMDAwMDAwMDB9fQ=="
        }
      ]
    }
  ]
}
