{
  "version": 4,
  "terraform_version": "1.2.2",
  "serial": 1,
  "lineage": "74986a26-271f-58a6-56f4-b60c83f652d1",
  "outputs": {
    "all_buildhosts": {
      "value": {
        "postgres": {
          "autostart": true,
          "clone_template": "almalinux8",
          "cores": "1",
          "datastore": "local-lvm",
          "description": "Postgres VM",
          "disk_size": "10G",
          "fqdn": "postgres.family.net",
          "gateway": "192.168.10.1",
          "hostname": "postgres",
          "ipv4": "192.168.10.61",
          "macaddr": "2a:31:71:7a:ed:61",
          "memory": "2046",
          "sockets": "2",
          "target_node": "pve",
          "vmid": "161"
        }
      },
      "type": [
        "object",
        {
          "postgres": [
            "object",
            {
              "autostart": "bool",
              "clone_template": "string",
              "cores": "string",
              "datastore": "string",
              "description": "string",
              "disk_size": "string",
              "fqdn": "string",
              "gateway": "string",
              "hostname": "string",
              "ipv4": "string",
              "macaddr": "string",
              "memory": "string",
              "sockets": "string",
              "target_node": "string",
              "vmid": "string"
            }
          ]
        }
      ]
    }
  },
  "resources": [
    {
      "mode": "managed",
      "type": "proxmox_vm_qemu",
      "name": "puppet_vm",
      "provider": "provider[\"registry.terraform.io/telmate/proxmox\"]",
      "instances": [
        {
          "index_key": "postgres",
          "schema_version": 0,
          "attributes": {
            "additional_wait": 0,
            "agent": 1,
            "args": "",
            "automatic_reboot": true,
            "balloon": 0,
            "bios": "seabios",
            "boot": "c",
            "bootdisk": "scsi0",
            "bridge": "",
            "ci_wait": null,
            "cicustom": "",
            "cipassword": "",
            "ciuser": "",
            "clone": "almalinux8",
            "clone_wait": 0,
            "cloudinit_cdrom_storage": null,
            "cores": 1,
            "cpu": "host",
            "default_ipv4_address": "192.168.10.61",
            "define_connection_info": true,
            "desc": "Postgres VM",
            "disk": [
              {
                "aio": "",
                "backup": 0,
                "cache": "none",
                "discard": "",
                "file": "vm-161-disk-0",
                "format": "raw",
                "iothread": 0,
                "mbps": 0,
                "mbps_rd": 0,
                "mbps_rd_max": 0,
                "mbps_wr": 0,
                "mbps_wr_max": 0,
                "media": "",
                "replicate": 0,
                "size": "10G",
                "slot": 0,
                "ssd": 0,
                "storage": "local-lvm",
                "storage_type": "lvmthin",
                "type": "scsi",
                "volume": "local-lvm:vm-161-disk-0"
              }
            ],
            "disk_gb": 0,
            "force_create": false,
            "force_recreate_on_change_of": null,
            "full_clone": true,
            "guest_agent_ready_timeout": 100,
            "hagroup": "",
            "hastate": "",
            "hotplug": "network,disk,usb",
            "id": "pve/qemu/161",
            "ipconfig0": "ip=192.168.10.61/24,gw=192.168.10.1",
            "ipconfig1": "",
            "ipconfig2": "",
            "ipconfig3": "",
            "ipconfig4": "",
            "ipconfig5": "",
            "iso": null,
            "kvm": true,
            "mac": "",
            "memory": 2046,
            "name": "postgres",
            "nameserver": "",
            "network": [
              {
                "bridge": "vmbr0",
                "firewall": false,
                "link_down": false,
                "macaddr": "2a:31:71:7a:ed:61",
                "model": "virtio",
                "mtu": 0,
                "queues": 0,
                "rate": 0,
                "tag": -1
              }
            ],
            "nic": "",
            "numa": false,
            "onboot": true,
            "oncreate": true,
            "os_network_config": null,
            "os_type": "cloud-init",
            "pool": "",
            "preprovision": true,
            "pxe": null,
            "qemu_os": "other",
            "reboot_required": false,
            "scsihw": "virtio-scsi-pci",
            "searchdomain": "",
            "serial": [],
            "sockets": 2,
            "ssh_forward_ip": null,
            "ssh_host": "192.168.10.61",
            "ssh_port": "22",
            "ssh_private_key": null,
            "ssh_user": null,
            "sshkeys": "ssh-rsa AAAAB3NzaC1yc2EAAAADAQABAAABgQCmVcCvcqnMYXDVrmJSD4C/nNIRK4CfrnjfV9+HAKveZvi1I4YBcR0SYx1hw0UludQBbn0jPMsIBrskOWcw8+Jht4P5BZETCq/SCPpVRcALSsRh6bouzBho4Z5L79MWk6vAesTOimJ9KyO7fvpfcFgZ81VynCO3XIYPQAI4COYecNk8gz5vzqijL0CBA6ITuzyREU5hy+ZxDt5DrTwuq/O/8bHeurvCo8cMBN6Cr3IGxZ5+j2FM7bc+MAKl4YEoULtMtKMJD+p6tQxa1IO6kLbN539QkCD0weFpzyGfJgzK0IgyKQyeAp/WGg6RAYxijHr9NlIuNPu2x9IzKyleT4rElCZSaQJNxABu9gCWe0iK4aM6615T1dBSYEyuIP2lmKEC0roe5Tj5ty09j7P6cCHAykwRcHS6ozz9qjZ1rtHm/mZvQvlJ57LbD+GsFcUwit+K9wbdYfN9bMRte+/bk2moH/SUbEpSyB+C2g1vUq82Usl32ruFrZ+FDWQ3QdmvxBk= nasim@nau20\n",
            "storage": "",
            "storage_type": "",
            "tablet": true,
            "tags": "",
            "target_node": "pve",
            "timeouts": null,
            "unused_disk": [],
            "usb": [],
            "vcpus": 0,
            "vga": [],
            "vlan": -1,
            "vmid": 161
          },
          "sensitive_attributes": [],
          "private": "eyJlMmJmYjczMC1lY2FhLTExZTYtOGY4OC0zNDM2M2JjN2M0YzAiOnsiY3JlYXRlIjozMDAwMDAwMDAwMDAsImRlZmF1bHQiOjMwMDAwMDAwMDAwMCwiZGVsZXRlIjoxODAwMDAwMDAwMDAsInJlYWQiOjE4MDAwMDAwMDAwMCwidXBkYXRlIjoxODAwMDAwMDAwMDB9fQ=="
        }
      ]
    }
  ]
}
